// !$*UTF8*$!
{
	archiveVersion = 1;
	classes = {
	};
	objectVersion = 55;
	objects = {

/* Begin PBXBuildFile section */
		DB6041A327FACD0A00595C9F /* AppDelegate.m in Sources */ = {isa = PBXBuildFile; fileRef = DB6041A227FACD0A00595C9F /* AppDelegate.m */; };
		DB6041A627FACD0A00595C9F /* SceneDelegate.m in Sources */ = {isa = PBXBuildFile; fileRef = DB6041A527FACD0A00595C9F /* SceneDelegate.m */; };
		DB6041A927FACD0A00595C9F /* ViewController.m in Sources */ = {isa = PBXBuildFile; fileRef = DB6041A827FACD0A00595C9F /* ViewController.m */; };
		DB6041AC27FACD0A00595C9F /* Main.storyboard in Resources */ = {isa = PBXBuildFile; fileRef = DB6041AA27FACD0A00595C9F /* Main.storyboard */; };
		DB6041AE27FACD0F00595C9F /* Assets.xcassets in Resources */ = {isa = PBXBuildFile; fileRef = DB6041AD27FACD0F00595C9F /* Assets.xcassets */; };
		DB6041B127FACD0F00595C9F /* LaunchScreen.storyboard in Resources */ = {isa = PBXBuildFile; fileRef = DB6041AF27FACD0F00595C9F /* LaunchScreen.storyboard */; };
		DB6041B427FACD0F00595C9F /* main.m in Sources */ = {isa = PBXBuildFile; fileRef = DB6041B327FACD0F00595C9F /* main.m */; };
		DB6041BE27FACD0F00595C9F /* redcardTests.m in Sources */ = {isa = PBXBuildFile; fileRef = DB6041BD27FACD0F00595C9F /* redcardTests.m */; };
		DB6041C827FACD0F00595C9F /* redcardUITests.m in Sources */ = {isa = PBXBuildFile; fileRef = DB6041C727FACD0F00595C9F /* redcardUITests.m */; };
		DB6041CA27FACD0F00595C9F /* redcardUITestsLaunchTests.m in Sources */ = {isa = PBXBuildFile; fileRef = DB6041C927FACD0F00595C9F /* redcardUITestsLaunchTests.m */; };
/* End PBXBuildFile section */

/* Begin PBXContainerItemProxy section */
		DB6041BA27FACD0F00595C9F /* PBXContainerItemProxy */ = {
			isa = PBXContainerItemProxy;
			containerPortal = DB60419627FACD0A00595C9F /* Project object */;
			proxyType = 1;
			remoteGlobalIDString = DB60419D27FACD0A00595C9F;
			remoteInfo = redcard;
		};
		DB6041C427FACD0F00595C9F /* PBXContainerItemProxy */ = {
			isa = PBXContainerItemProxy;
			containerPortal = DB60419627FACD0A00595C9F /* Project object */;
			proxyType = 1;
			remoteGlobalIDString = DB60419D27FACD0A00595C9F;
			remoteInfo = redcard;
		};
/* End PBXContainerItemProxy section */

/* Begin PBXFileReference section */
		DB60419E27FACD0A00595C9F /* redcard.app */ = {isa = PBXFileReference; explicitFileType = wrapper.application; includeInIndex = 0; path = redcard.app; sourceTree = BUILT_PRODUCTS_DIR; };
		DB6041A127FACD0A00595C9F /* AppDelegate.h */ = {isa = PBXFileReference; lastKnownFileType = sourcecode.c.h; path = AppDelegate.h; sourceTree = "<group>"; };
		DB6041A227FACD0A00595C9F /* AppDelegate.m */ = {isa = PBXFileReference; lastKnownFileType = sourcecode.c.objc; path = AppDelegate.m; sourceTree = "<group>"; };
		DB6041A427FACD0A00595C9F /* SceneDelegate.h */ = {isa = PBXFileReference; lastKnownFileType = sourcecode.c.h; path = SceneDelegate.h; sourceTree = "<group>"; };
		DB6041A527FACD0A00595C9F /* SceneDelegate.m */ = {isa = PBXFileReference; lastKnownFileType = sourcecode.c.objc; path = SceneDelegate.m; sourceTree = "<group>"; };
		DB6041A727FACD0A00595C9F /* ViewController.h */ = {isa = PBXFileReference; lastKnownFileType = sourcecode.c.h; path = ViewController.h; sourceTree = "<group>"; };
		DB6041A827FACD0A00595C9F /* ViewController.m */ = {isa = PBXFileReference; lastKnownFileType = sourcecode.c.objc; path = ViewController.m; sourceTree = "<group>"; };
		DB6041AB27FACD0A00595C9F /* Base */ = {isa = PBXFileReference; lastKnownFileType = file.storyboard; name = Base; path = Base.lproj/Main.storyboard; sourceTree = "<group>"; };
		DB6041AD27FACD0F00595C9F /* Assets.xcassets */ = {isa = PBXFileReference; lastKnownFileType = folder.assetcatalog; path = Assets.xcassets; sourceTree = "<group>"; };
		DB6041B027FACD0F00595C9F /* Base */ = {isa = PBXFileReference; lastKnownFileType = file.storyboard; name = Base; path = Base.lproj/LaunchScreen.storyboard; sourceTree = "<group>"; };
		DB6041B227FACD0F00595C9F /* Info.plist */ = {isa = PBXFileReference; lastKnownFileType = text.plist.xml; path = Info.plist; sourceTree = "<group>"; };
		DB6041B327FACD0F00595C9F /* main.m */ = {isa = PBXFileReference; lastKnownFileType = sourcecode.c.objc; path = main.m; sourceTree = "<group>"; };
		DB6041B927FACD0F00595C9F /* redcardTests.xctest */ = {isa = PBXFileReference; explicitFileType = wrapper.cfbundle; includeInIndex = 0; path = redcardTests.xctest; sourceTree = BUILT_PRODUCTS_DIR; };
		DB6041BD27FACD0F00595C9F /* redcardTests.m */ = {isa = PBXFileReference; lastKnownFileType = sourcecode.c.objc; path = redcardTests.m; sourceTree = "<group>"; };
		DB6041C327FACD0F00595C9F /* redcardUITests.xctest */ = {isa = PBXFileReference; explicitFileType = wrapper.cfbundle; includeInIndex = 0; path = redcardUITests.xctest; sourceTree = BUILT_PRODUCTS_DIR; };
		DB6041C727FACD0F00595C9F /* redcardUITests.m */ = {isa = PBXFileReference; lastKnownFileType = sourcecode.c.objc; path = redcardUITests.m; sourceTree = "<group>"; };
		DB6041C927FACD0F00595C9F /* redcardUITestsLaunchTests.m */ = {isa = PBXFileReference; lastKnownFileType = sourcecode.c.objc; path = redcardUITestsLaunchTests.m; sourceTree = "<group>"; };
/* End PBXFileReference section */

/* Begin PBXFrameworksBuildPhase section */
		DB60419B27FACD0A00595C9F /* Frameworks */ = {
			isa = PBXFrameworksBuildPhase;
			buildActionMask = 2147483647;
			files = (
			);
			runOnlyForDeploymentPostprocessing = 0;
		};
		DB6041B627FACD0F00595C9F /* Frameworks */ = {
			isa = PBXFrameworksBuildPhase;
			buildActionMask = 2147483647;
			files = (
			);
			runOnlyForDeploymentPostprocessing = 0;
		};
		DB6041C027FACD0F00595C9F /* Frameworks */ = {
			isa = PBXFrameworksBuildPhase;
			buildActionMask = 2147483647;
			files = (
			);
			runOnlyForDeploymentPostprocessing = 0;
		};
/* End PBXFrameworksBuildPhase section */

/* Begin PBXGroup section */
		DB60419527FACD0A00595C9F = {
			isa = PBXGroup;
			children = (
				DB6041A027FACD0A00595C9F /* redcard */,
				DB6041BC27FACD0F00595C9F /* redcardTests */,
				DB6041C627FACD0F00595C9F /* redcardUITests */,
				DB60419F27FACD0A00595C9F /* Products */,
			);
			sourceTree = "<group>";
		};
		DB60419F27FACD0A00595C9F /* Products */ = {
			isa = PBXGroup;
			children = (
				DB60419E27FACD0A00595C9F /* redcard.app */,
				DB6041B927FACD0F00595C9F /* redcardTests.xctest */,
				DB6041C327FACD0F00595C9F /* redcardUITests.xctest */,
			);
			name = Products;
			sourceTree = "<group>";
		};
		DB6041A027FACD0A00595C9F /* redcard */ = {
			isa = PBXGroup;
			children = (
				DB6041A127FACD0A00595C9F /* AppDelegate.h */,
				DB6041A227FACD0A00595C9F /* AppDelegate.m */,
				DB6041A427FACD0A00595C9F /* SceneDelegate.h */,
				DB6041A527FACD0A00595C9F /* SceneDelegate.m */,
				DB6041A727FACD0A00595C9F /* ViewController.h */,
				DB6041A827FACD0A00595C9F /* ViewController.m */,
				DB6041AA27FACD0A00595C9F /* Main.storyboard */,
				DB6041AD27FACD0F00595C9F /* Assets.xcassets */,
				DB6041AF27FACD0F00595C9F /* LaunchScreen.storyboard */,
				DB6041B227FACD0F00595C9F /* Info.plist */,
				DB6041B327FACD0F00595C9F /* main.m */,
			);
			path = redcard;
			sourceTree = "<group>";
		};
		DB6041BC27FACD0F00595C9F /* redcardTests */ = {
			isa = PBXGroup;
			children = (
				DB6041BD27FACD0F00595C9F /* redcardTests.m */,
			);
			path = redcardTests;
			sourceTree = "<group>";
		};
		DB6041C627FACD0F00595C9F /* redcardUITests */ = {
			isa = PBXGroup;
			children = (
				DB6041C727FACD0F00595C9F /* redcardUITests.m */,
				DB6041C927FACD0F00595C9F /* redcardUITestsLaunchTests.m */,
			);
			path = redcardUITests;
			sourceTree = "<group>";
		};
/* End PBXGroup section */

/* Begin PBXNativeTarget section */
		DB60419D27FACD0A00595C9F /* redcard */ = {
			isa = PBXNativeTarget;
			buildConfigurationList = DB6041CD27FACD0F00595C9F /* Build configuration list for PBXNativeTarget "redcard" */;
			buildPhases = (
				DB60419A27FACD0A00595C9F /* Sources */,
				DB60419B27FACD0A00595C9F /* Frameworks */,
				DB60419C27FACD0A00595C9F /* Resources */,
			);
			buildRules = (
			);
			dependencies = (
			);
			name = redcard;
			productName = redcard;
			productReference = DB60419E27FACD0A00595C9F /* redcard.app */;
			productType = "com.apple.product-type.application";
		};
		DB6041B827FACD0F00595C9F /* redcardTests */ = {
			isa = PBXNativeTarget;
			buildConfigurationList = DB6041D027FACD0F00595C9F /* Build configuration list for PBXNativeTarget "redcardTests" */;
			buildPhases = (
				DB6041B527FACD0F00595C9F /* Sources */,
				DB6041B627FACD0F00595C9F /* Frameworks */,
				DB6041B727FACD0F00595C9F /* Resources */,
			);
			buildRules = (
			);
			dependencies = (
				DB6041BB27FACD0F00595C9F /* PBXTargetDependency */,
			);
			name = redcardTests;
			productName = redcardTests;
			productReference = DB6041B927FACD0F00595C9F /* redcardTests.xctest */;
			productType = "com.apple.product-type.bundle.unit-test";
		};
		DB6041C227FACD0F00595C9F /* redcardUITests */ = {
			isa = PBXNativeTarget;
			buildConfigurationList = DB6041D327FACD0F00595C9F /* Build configuration list for PBXNativeTarget "redcardUITests" */;
			buildPhases = (
				DB6041BF27FACD0F00595C9F /* Sources */,
				DB6041C027FACD0F00595C9F /* Frameworks */,
				DB6041C127FACD0F00595C9F /* Resources */,
			);
			buildRules = (
			);
			dependencies = (
				DB6041C527FACD0F00595C9F /* PBXTargetDependency */,
			);
			name = redcardUITests;
			productName = redcardUITests;
			productReference = DB6041C327FACD0F00595C9F /* redcardUITests.xctest */;
			productType = "com.apple.product-type.bundle.ui-testing";
		};
/* End PBXNativeTarget section */

/* Begin PBXProject section */
		DB60419627FACD0A00595C9F /* Project object */ = {
			isa = PBXProject;
			attributes = {
				BuildIndependentTargetsInParallel = 1;
				LastUpgradeCheck = 1330;
				TargetAttributes = {
					DB60419D27FACD0A00595C9F = {
						CreatedOnToolsVersion = 13.3;
					};
					DB6041B827FACD0F00595C9F = {
						CreatedOnToolsVersion = 13.3;
						TestTargetID = DB60419D27FACD0A00595C9F;
					};
					DB6041C227FACD0F00595C9F = {
						CreatedOnToolsVersion = 13.3;
						TestTargetID = DB60419D27FACD0A00595C9F;
					};
				};
			};
			buildConfigurationList = DB60419927FACD0A00595C9F /* Build configuration list for PBXProject "redcard" */;
			compatibilityVersion = "Xcode 13.0";
			developmentRegion = en;
			hasScannedForEncodings = 0;
			knownRegions = (
				en,
				Base,
			);
			mainGroup = DB60419527FACD0A00595C9F;
			productRefGroup = DB60419F27FACD0A00595C9F /* Products */;
			projectDirPath = "";
			projectRoot = "";
			targets = (
				DB60419D27FACD0A00595C9F /* redcard */,
				DB6041B827FACD0F00595C9F /* redcardTests */,
				DB6041C227FACD0F00595C9F /* redcardUITests */,
			);
		};
/* End PBXProject section */

/* Begin PBXResourcesBuildPhase section */
		DB60419C27FACD0A00595C9F /* Resources */ = {
			isa = PBXResourcesBuildPhase;
			buildActionMask = 2147483647;
			files = (
				DB6041B127FACD0F00595C9F /* LaunchScreen.storyboard in Resources */,
				DB6041AE27FACD0F00595C9F /* Assets.xcassets in Resources */,
				DB6041AC27FACD0A00595C9F /* Main.storyboard in Resources */,
			);
			runOnlyForDeploymentPostprocessing = 0;
		};
		DB6041B727FACD0F00595C9F /* Resources */ = {
			isa = PBXResourcesBuildPhase;
			buildActionMask = 2147483647;
			files = (
			);
			runOnlyForDeploymentPostprocessing = 0;
		};
		DB6041C127FACD0F00595C9F /* Resources */ = {
			isa = PBXResourcesBuildPhase;
			buildActionMask = 2147483647;
			files = (
			);
			runOnlyForDeploymentPostprocessing = 0;
		};
/* End PBXResourcesBuildPhase section */

/* Begin PBXSourcesBuildPhase section */
		DB60419A27FACD0A00595C9F /* Sources */ = {
			isa = PBXSourcesBuildPhase;
			buildActionMask = 2147483647;
			files = (
				DB6041A927FACD0A00595C9F /* ViewController.m in Sources */,
				DB6041A327FACD0A00595C9F /* AppDelegate.m in Sources */,
				DB6041B427FACD0F00595C9F /* main.m in Sources */,
				DB6041A627FACD0A00595C9F /* SceneDelegate.m in Sources */,
			);
			runOnlyForDeploymentPostprocessing = 0;
		};
		DB6041B527FACD0F00595C9F /* Sources */ = {
			isa = PBXSourcesBuildPhase;
			buildActionMask = 2147483647;
			files = (
				DB6041BE27FACD0F00595C9F /* redcardTests.m in Sources */,
			);
			runOnlyForDeploymentPostprocessing = 0;
		};
		DB6041BF27FACD0F00595C9F /* Sources */ = {
			isa = PBXSourcesBuildPhase;
			buildActionMask = 2147483647;
			files = (
				DB6041CA27FACD0F00595C9F /* redcardUITestsLaunchTests.m in Sources */,
				DB6041C827FACD0F00595C9F /* redcardUITests.m in Sources */,
			);
			runOnlyForDeploymentPostprocessing = 0;
		};
/* End PBXSourcesBuildPhase section */

/* Begin PBXTargetDependency section */
		DB6041BB27FACD0F00595C9F /* PBXTargetDependency */ = {
			isa = PBXTargetDependency;
			target = DB60419D27FACD0A00595C9F /* redcard */;
			targetProxy = DB6041BA27FACD0F00595C9F /* PBXContainerItemProxy */;
		};
		DB6041C527FACD0F00595C9F /* PBXTargetDependency */ = {
			isa = PBXTargetDependency;
			target = DB60419D27FACD0A00595C9F /* redcard */;
			targetProxy = DB6041C427FACD0F00595C9F /* PBXContainerItemProxy */;
		};
/* End PBXTargetDependency section */

/* Begin PBXVariantGroup section */
		DB6041AA27FACD0A00595C9F /* Main.storyboard */ = {
			isa = PBXVariantGroup;
			children = (
				DB6041AB27FACD0A00595C9F /* Base */,
			);
			name = Main.storyboard;
			sourceTree = "<group>";
		};
		DB6041AF27FACD0F00595C9F /* LaunchScreen.storyboard */ = {
			isa = PBXVariantGroup;
			children = (
				DB6041B027FACD0F00595C9F /* Base */,
			);
			name = LaunchScreen.storyboard;
			sourceTree = "<group>";
		};
/* End PBXVariantGroup section */

/* Begin XCBuildConfiguration section */
		DB6041CB27FACD0F00595C9F /* Debug */ = {
			isa = XCBuildConfiguration;
			buildSettings = {
				ALWAYS_SEARCH_USER_PATHS = NO;
				CLANG_ANALYZER_NONNULL = YES;
				CLANG_ANALYZER_NUMBER_OBJECT_CONVERSION = YES_AGGRESSIVE;
				CLANG_CXX_LANGUAGE_STANDARD = "gnu++17";
				CLANG_ENABLE_MODULES = YES;
				CLANG_ENABLE_OBJC_ARC = YES;
				CLANG_ENABLE_OBJC_WEAK = YES;
				CLANG_WARN_BLOCK_CAPTURE_AUTORELEASING = YES;
				CLANG_WARN_BOOL_CONVERSION = YES;
				CLANG_WARN_COMMA = YES;
				CLANG_WARN_CONSTANT_CONVERSION = YES;
				CLANG_WARN_DEPRECATED_OBJC_IMPLEMENTATIONS = YES;
				CLANG_WARN_DIRECT_OBJC_ISA_USAGE = YES_ERROR;
				CLANG_WARN_DOCUMENTATION_COMMENTS = YES;
				CLANG_WARN_EMPTY_BODY = YES;
				CLANG_WARN_ENUM_CONVERSION = YES;
				CLANG_WARN_INFINITE_RECURSION = YES;
				CLANG_WARN_INT_CONVERSION = YES;
				CLANG_WARN_NON_LITERAL_NULL_CONVERSION = YES;
				CLANG_WARN_OBJC_IMPLICIT_RETAIN_SELF = YES;
				CLANG_WARN_OBJC_LITERAL_CONVERSION = YES;
				CLANG_WARN_OBJC_ROOT_CLASS = YES_ERROR;
				CLANG_WARN_QUOTED_INCLUDE_IN_FRAMEWORK_HEADER = YES;
				CLANG_WARN_RANGE_LOOP_ANALYSIS = YES;
				CLANG_WARN_STRICT_PROTOTYPES = YES;
				CLANG_WARN_SUSPICIOUS_MOVE = YES;
				CLANG_WARN_UNGUARDED_AVAILABILITY = YES_AGGRESSIVE;
				CLANG_WARN_UNREACHABLE_CODE = YES;
				CLANG_WARN__DUPLICATE_METHOD_MATCH = YES;
				COPY_PHASE_STRIP = NO;
				DEBUG_INFORMATION_FORMAT = dwarf;
				ENABLE_STRICT_OBJC_MSGSEND = YES;
				ENABLE_TESTABILITY = YES;
				GCC_C_LANGUAGE_STANDARD = gnu11;
				GCC_DYNAMIC_NO_PIC = NO;
				GCC_NO_COMMON_BLOCKS = YES;
				GCC_OPTIMIZATION_LEVEL = 0;
				GCC_PREPROCESSOR_DEFINITIONS = (
					"DEBUG=1",
					"$(inherited)",
				);
				GCC_WARN_64_TO_32_BIT_CONVERSION = YES;
				GCC_WARN_ABOUT_RETURN_TYPE = YES_ERROR;
				GCC_WARN_UNDECLARED_SELECTOR = YES;
				GCC_WARN_UNINITIALIZED_AUTOS = YES_AGGRESSIVE;
				GCC_WARN_UNUSED_FUNCTION = YES;
				GCC_WARN_UNUSED_VARIABLE = YES;
				IPHONEOS_DEPLOYMENT_TARGET = 15.4;
				MTL_ENABLE_DEBUG_INFO = INCLUDE_SOURCE;
				MTL_FAST_MATH = YES;
				ONLY_ACTIVE_ARCH = YES;
				SDKROOT = iphoneos;
			};
			name = Debug;
		};
		DB6041CC27FACD0F00595C9F /* Release */ = {
			isa = XCBuildConfiguration;
			buildSettings = {
				ALWAYS_SEARCH_USER_PATHS = NO;
				CLANG_ANALYZER_NONNULL = YES;
				CLANG_ANALYZER_NUMBER_OBJECT_CONVERSION = YES_AGGRESSIVE;
				CLANG_CXX_LANGUAGE_STANDARD = "gnu++17";
				CLANG_ENABLE_MODULES = YES;
				CLANG_ENABLE_OBJC_ARC = YES;
				CLANG_ENABLE_OBJC_WEAK = YES;
				CLANG_WARN_BLOCK_CAPTURE_AUTORELEASING = YES;
				CLANG_WARN_BOOL_CONVERSION = YES;
				CLANG_WARN_COMMA = YES;
				CLANG_WARN_CONSTANT_CONVERSION = YES;
				CLANG_WARN_DEPRECATED_OBJC_IMPLEMENTATIONS = YES;
				CLANG_WARN_DIRECT_OBJC_ISA_USAGE = YES_ERROR;
				CLANG_WARN_DOCUMENTATION_COMMENTS = YES;
				CLANG_WARN_EMPTY_BODY = YES;
				CLANG_WARN_ENUM_CONVERSION = YES;
				CLANG_WARN_INFINITE_RECURSION = YES;
				CLANG_WARN_INT_CONVERSION = YES;
				CLANG_WARN_NON_LITERAL_NULL_CONVERSION = YES;
				CLANG_WARN_OBJC_IMPLICIT_RETAIN_SELF = YES;
				CLANG_WARN_OBJC_LITERAL_CONVERSION = YES;
				CLANG_WARN_OBJC_ROOT_CLASS = YES_ERROR;
				CLANG_WARN_QUOTED_INCLUDE_IN_FRAMEWORK_HEADER = YES;
				CLANG_WARN_RANGE_LOOP_ANALYSIS = YES;
				CLANG_WARN_STRICT_PROTOTYPES = YES;
				CLANG_WARN_SUSPICIOUS_MOVE = YES;
				CLANG_WARN_UNGUARDED_AVAILABILITY = YES_AGGRESSIVE;
				CLANG_WARN_UNREACHABLE_CODE = YES;
				CLANG_WARN__DUPLICATE_METHOD_MATCH = YES;
				COPY_PHASE_STRIP = NO;
				DEBUG_INFORMATION_FORMAT = "dwarf-with-dsym";
				ENABLE_NS_ASSERTIONS = NO;
				ENABLE_STRICT_OBJC_MSGSEND = YES;
				GCC_C_LANGUAGE_STANDARD = gnu11;
				GCC_NO_COMMON_BLOCKS = YES;
				GCC_WARN_64_TO_32_BIT_CONVERSION = YES;
				GCC_WARN_ABOUT_RETURN_TYPE = YES_ERROR;
				GCC_WARN_UNDECLARED_SELECTOR = YES;
				GCC_WARN_UNINITIALIZED_AUTOS = YES_AGGRESSIVE;
				GCC_WARN_UNUSED_FUNCTION = YES;
				GCC_WARN_UNUSED_VARIABLE = YES;
				IPHONEOS_DEPLOYMENT_TARGET = 15.4;
				MTL_ENABLE_DEBUG_INFO = NO;
				MTL_FAST_MATH = YES;
				SDKROOT = iphoneos;
				VALIDATE_PRODUCT = YES;
			};
			name = Release;
		};
		DB6041CE27FACD0F00595C9F /* Debug */ = {
			isa = XCBuildConfiguration;
			buildSettings = {
				ASSETCATALOG_COMPILER_APPICON_NAME = AppIcon;
				ASSETCATALOG_COMPILER_GLOBAL_ACCENT_COLOR_NAME = AccentColor;
				CODE_SIGN_STYLE = Automatic;
				CURRENT_PROJECT_VERSION = 1;
				GENERATE_INFOPLIST_FILE = YES;
				INFOPLIST_FILE = redcard/Info.plist;
				INFOPLIST_KEY_UIApplicationSupportsIndirectInputEvents = YES;
				INFOPLIST_KEY_UILaunchStoryboardName = LaunchScreen;
				INFOPLIST_KEY_UIMainStoryboardFile = Main;
				INFOPLIST_KEY_UISupportedInterfaceOrientations_iPad = "UIInterfaceOrientationPortrait UIInterfaceOrientationPortraitUpsideDown UIInterfaceOrientationLandscapeLeft UIInterfaceOrientationLandscapeRight";
				INFOPLIST_KEY_UISupportedInterfaceOrientations_iPhone = "UIInterfaceOrientationPortrait UIInterfaceOrientationLandscapeLeft UIInterfaceOrientationLandscapeRight";
				LD_RUNPATH_SEARCH_PATHS = (
					"$(inherited)",
					"@executable_path/Frameworks",
				);
				MARKETING_VERSION = 1.0;
				PRODUCT_BUNDLE_IDENTIFIER = Kaede.redcard;
				PRODUCT_NAME = "$(TARGET_NAME)";
				SWIFT_EMIT_LOC_STRINGS = YES;
				TARGETED_DEVICE_FAMILY = "1,2";
			};
			name = Debug;
		};
		DB6041CF27FACD0F00595C9F /* Release */ = {
			isa = XCBuildConfiguration;
			buildSettings = {
				ASSETCATALOG_COMPILER_APPICON_NAME = AppIcon;
				ASSETCATALOG_COMPILER_GLOBAL_ACCENT_COLOR_NAME = AccentColor;
				CODE_SIGN_STYLE = Automatic;
				CURRENT_PROJECT_VERSION = 1;
				GENERATE_INFOPLIST_FILE = YES;
				INFOPLIST_FILE = redcard/Info.plist;
				INFOPLIST_KEY_UIApplicationSupportsIndirectInputEvents = YES;
				INFOPLIST_KEY_UILaunchStoryboardName = LaunchScreen;
				INFOPLIST_KEY_UIMainStoryboardFile = Main;
				INFOPLIST_KEY_UISupportedInterfaceOrientations_iPad = "UIInterfaceOrientationPortrait UIInterfaceOrientationPortraitUpsideDown UIInterfaceOrientationLandscapeLeft UIInterfaceOrientationLandscapeRight";
				INFOPLIST_KEY_UISupportedInterfaceOrientations_iPhone = "UIInterfaceOrientationPortrait UIInterfaceOrientationLandscapeLeft UIInterfaceOrientationLandscapeRight";
				LD_RUNPATH_SEARCH_PATHS = (
					"$(inherited)",
					"@executable_path/Frameworks",
				);
				MARKETING_VERSION = 1.0;
				PRODUCT_BUNDLE_IDENTIFIER = Kaede.redcard;
				PRODUCT_NAME = "$(TARGET_NAME)";
				SWIFT_EMIT_LOC_STRINGS = YES;
				TARGETED_DEVICE_FAMILY = "1,2";
			};
			name = Release;
		};
		DB6041D127FACD0F00595C9F /* Debug */ = {
			isa = XCBuildConfiguration;
			buildSettings = {
				BUNDLE_LOADER = "$(TEST_HOST)";
				CODE_SIGN_STYLE = Automatic;
				CURRENT_PROJECT_VERSION = 1;
				GENERATE_INFOPLIST_FILE = YES;
				IPHONEOS_DEPLOYMENT_TARGET = 15.4;
				MARKETING_VERSION = 1.0;
				PRODUCT_BUNDLE_IDENTIFIER = Kaede.redcardTests;
				PRODUCT_NAME = "$(TARGET_NAME)";
				SWIFT_EMIT_LOC_STRINGS = NO;
				TARGETED_DEVICE_FAMILY = "1,2";
				TEST_HOST = "$(BUILT_PRODUCTS_DIR)/redcard.app/redcard";
			};
			name = Debug;
		};
		DB6041D227FACD0F00595C9F /* Release */ = {
			isa = XCBuildConfiguration;
			buildSettings = {
				BUNDLE_LOADER = "$(TEST_HOST)";
				CODE_SIGN_STYLE = Automatic;
				CURRENT_PROJECT_VERSION = 1;
				GENERATE_INFOPLIST_FILE = YES;
				IPHONEOS_DEPLOYMENT_TARGET = 15.4;
				MARKETING_VERSION = 1.0;
				PRODUCT_BUNDLE_IDENTIFIER = Kaede.redcardTests;
				PRODUCT_NAME = "$(TARGET_NAME)";
				SWIFT_EMIT_LOC_STRINGS = NO;
				TARGETED_DEVICE_FAMILY = "1,2";
				TEST_HOST = "$(BUILT_PRODUCTS_DIR)/redcard.app/redcard";
			};
			name = Release;
		};
		DB6041D427FACD0F00595C9F /* Debug */ = {
			isa = XCBuildConfiguration;
			buildSettings = {
				CODE_SIGN_STYLE = Automatic;
				CURRENT_PROJECT_VERSION = 1;
				GENERATE_INFOPLIST_FILE = YES;
				MARKETING_VERSION = 1.0;
				PRODUCT_BUNDLE_IDENTIFIER = Kaede.redcardUITests;
				PRODUCT_NAME = "$(TARGET_NAME)";
				SWIFT_EMIT_LOC_STRINGS = NO;
				TARGETED_DEVICE_FAMILY = "1,2";
				TEST_TARGET_NAME = redcard;
			};
			name = Debug;
		};
		DB6041D527FACD0F00595C9F /* Release */ = {
			isa = XCBuildConfiguration;
			buildSettings = {
				CODE_SIGN_STYLE = Automatic;
				CURRENT_PROJECT_VERSION = 1;
				GENERATE_INFOPLIST_FILE = YES;
				MARKETING_VERSION = 1.0;
				PRODUCT_BUNDLE_IDENTIFIER = Kaede.redcardUITests;
				PRODUCT_NAME = "$(TARGET_NAME)";
				SWIFT_EMIT_LOC_STRINGS = NO;
				TARGETED_DEVICE_FAMILY = "1,2";
				TEST_TARGET_NAME = redcard;
			};
			name = Release;
		};
/* End XCBuildConfiguration section */

/* Begin XCConfigurationList section */
		DB60419927FACD0A00595C9F /* Build configuration list for PBXProject "redcard" */ = {
			isa = XCConfigurationList;
			buildConfigurations = (
				DB6041CB27FACD0F00595C9F /* Debug */,
				DB6041CC27FACD0F00595C9F /* Release */,
			);
			defaultConfigurationIsVisible = 0;
			defaultConfigurationName = Release;
		};
		DB6041CD27FACD0F00595C9F /* Build configuration list for PBXNativeTarget "redcard" */ = {
			isa = XCConfigurationList;
			buildConfigurations = (
				DB6041CE27FACD0F00595C9F /* Debug */,
				DB6041CF27FACD0F00595C9F /* Release */,
			);
			defaultConfigurationIsVisible = 0;
			defaultConfigurationName = Release;
		};
		DB6041D027FACD0F00595C9F /* Build configuration list for PBXNativeTarget "redcardTests" */ = {
			isa = XCConfigurationList;
			buildConfigurations = (
				DB6041D127FACD0F00595C9F /* Debug */,
				DB6041D227FACD0F00595C9F /* Release */,
			);
			defaultConfigurationIsVisible = 0;
			defaultConfigurationName = Release;
		};
		DB6041D327FACD0F00595C9F /* Build configuration list for PBXNativeTarget "redcardUITests" */ = {
			isa = XCConfigurationList;
			buildConfigurations = (
				DB6041D427FACD0F00595C9F /* Debug */,
				DB6041D527FACD0F00595C9F /* Release */,
			);
			defaultConfigurationIsVisible = 0;
			defaultConfigurationName = Release;
		};
/* End XCConfigurationList section */
	};
	rootObject = DB60419627FACD0A00595C9F /* Project object */;
}
